{
  "version": 4,
  "terraform_version": "1.3.0",
  "serial": 127,
  "lineage": "6d7b80b0-4041-bec8-94e5-eb66e24eb153",
  "outputs": {},
  "resources": [
    {
      "mode": "managed",
      "type": "harness_platform_connector_helm",
      "name": "bitnami",
      "provider": "provider[\"registry.terraform.io/harness/harness\"]",
      "instances": [
        {
          "schema_version": 0,
          "attributes": {
            "credentials": [],
            "delegate_selectors": null,
            "description": "",
            "id": "Bitnami",
            "identifier": "Bitnami",
            "name": "Bitnami",
            "org_id": "default",
            "project_id": "helm_mansong",
            "tags": null,
            "url": "https://charts.bitnami.com/"
          },
          "sensitive_attributes": [],
          "private": "bnVsbA==",
          "dependencies": [
            "harness_platform_project.helm"
          ]
        }
      ]
    },
    {
      "mode": "managed",
      "type": "harness_platform_connector_kubernetes",
      "name": "kubernetes",
      "provider": "provider[\"registry.terraform.io/harness/harness\"]",
      "instances": [
        {
          "schema_version": 0,
          "attributes": {
            "client_key_cert": [],
            "delegate_selectors": null,
            "description": "",
            "id": "GKE",
            "identifier": "GKE",
            "inherit_from_delegate": [
              {
                "delegate_selectors": [
                  "gkedelegate",
                  "literate-octo-broccoli"
                ]
              }
            ],
            "name": "GKE",
            "openid_connect": [],
            "org_id": "default",
            "project_id": "helm_mansong",
            "service_account": [],
            "tags": [
              "cloud:gcp"
            ],
            "username_password": []
          },
          "sensitive_attributes": [],
          "private": "bnVsbA==",
          "dependencies": [
            "harness_platform_project.helm"
          ]
        }
      ]
    },
    {
      "mode": "managed",
      "type": "harness_platform_environment",
      "name": "environment",
      "provider": "provider[\"registry.terraform.io/harness/harness\"]",
      "instances": [
        {
          "schema_version": 0,
          "attributes": {
            "color": "#0063F7",
            "description": "",
            "id": "dev_mansong",
            "identifier": "dev_mansong",
            "name": "dev-mansong",
            "org_id": "default",
            "project_id": "helm_mansong",
            "tags": null,
            "type": "PreProduction"
          },
          "sensitive_attributes": [],
          "private": "bnVsbA==",
          "dependencies": [
            "harness_platform_project.helm"
          ]
        }
      ]
    },
    {
      "mode": "managed",
      "type": "harness_platform_pipeline",
      "name": "nginx",
      "provider": "provider[\"registry.terraform.io/harness/harness\"]",
      "instances": [
        {
          "schema_version": 0,
          "attributes": {
            "description": null,
            "id": "nginx",
            "identifier": "nginx",
            "name": "nginx",
            "org_id": "default",
            "project_id": "helm_mansong",
            "tags": null,
            "yaml": "pipeline:\n    name: nginx\n    identifier: nginx\n    projectIdentifier: helm_mansong\n    orgIdentifier: default\n    storeType: \"\"\n    remoteType: create\n    tags: {}\n    stages:\n        - stage:\n              name: Staging\n              identifier: Staging\n              description: \"\"\n              type: Deployment\n              spec:\n                  serviceConfig:\n                      serviceRef: nginx\n                      serviceDefinition:\n                          spec:\n                              variables: []\n                              manifests:\n                                  - manifest:\n                                        identifier: nginx\n                                        type: HelmChart\n                                        spec:\n                                            store:\n                                                type: Http\n                                                spec:\n                                                    connectorRef: Bitnami\n                                            chartName: nginx\n                                            chartVersion: \u003c+input\u003e\n                                            helmVersion: V3\n                                            skipResourceVersioning: false\n                          type: NativeHelm\n                  infrastructure:\n                      environmentRef: dev_mansong\n                      infrastructureDefinition:\n                          type: KubernetesDirect\n                          spec:\n                              connectorRef: GKE\n                              namespace: default\n                              releaseName: release-\u003c+INFRA_KEY\u003e\n                      allowSimultaneousDeployments: false\n                  execution:\n                      steps:\n                          - step:\n                                name: Helm Deployment\n                                identifier: helmDeployment\n                                type: HelmDeploy\n                                timeout: 10m\n                                spec:\n                                    skipDryRun: false\n                      rollbackSteps:\n                          - step:\n                                name: Helm Rollback\n                                identifier: helmRollback\n                                type: HelmRollback\n                                timeout: 10m\n                                spec: {}\n              tags: {}\n              failureStrategies:\n                  - onFailure:\n                        errors:\n                            - AllErrors\n                        action:\n                            type: StageRollback"
          },
          "sensitive_attributes": [],
          "private": "bnVsbA==",
          "dependencies": [
            "harness_platform_connector_helm.bitnami",
            "harness_platform_connector_kubernetes.kubernetes",
            "harness_platform_environment.environment",
            "harness_platform_project.helm",
            "harness_platform_service.service"
          ]
        }
      ]
    },
    {
      "mode": "managed",
      "type": "harness_platform_project",
      "name": "helm",
      "provider": "provider[\"registry.terraform.io/harness/harness\"]",
      "instances": [
        {
          "schema_version": 0,
          "attributes": {
            "color": "#15098f",
            "description": "",
            "id": "helm_mansong",
            "identifier": "helm_mansong",
            "modules": [
              "CD",
              "CE",
              "CF",
              "CHAOS",
              "CI",
              "CORE",
              "CV",
              "PMS",
              "STO",
              "TEMPLATESERVICE"
            ],
            "name": "helm-mansong",
            "org_id": "default",
            "tags": null
          },
          "sensitive_attributes": [],
          "private": "bnVsbA=="
        }
      ]
    },
    {
      "mode": "managed",
      "type": "harness_platform_service",
      "name": "service",
      "provider": "provider[\"registry.terraform.io/harness/harness\"]",
      "instances": [
        {
          "schema_version": 0,
          "attributes": {
            "description": "",
            "id": "nginx",
            "identifier": "nginx",
            "name": "nginx",
            "org_id": "default",
            "project_id": "helm_mansong",
            "tags": null
          },
          "sensitive_attributes": [],
          "private": "bnVsbA==",
          "dependencies": [
            "harness_platform_project.helm"
          ]
        }
      ]
    }
  ],
  "check_results": []
}
